{
    "_meta": {
        "hash": {
            "sha256": "1de4551d7f13f5c6eff2def90952c1eae5c069685efdada7a567995b564a0b25"
        },
        "pipfile-spec": 6,
        "requires": {
            "python_version": "3.7"
        },
        "sources": [
            {
                "name": "pypi",
                "url": "https://pypi.org/simple",
                "verify_ssl": true
            }
        ]
    },
    "default": {
        "pybase62": {
            "hashes": [
                "sha256:0fbbe8474fc5fb020cc7f94dc88adfd12ef9bf38640c46612568ea07f046438c",
                "sha256:78362493db07de2dbeba0648d948b21a743132bbebdbb0366a23b3f12353c9f7"
            ],
            "version": "==0.4.3"
        },
        "seieki": {
            "editable": true,
            "git": "https://gitlab.com/elixire/seieki.git",
            "ref": "9c9a6110db793822e19c35dd266dccb073762cc5"
        }
    },
    "develop": {}
}
