[[package]]
category = "main"
description = "An asyncio PosgtreSQL driver"
name = "asyncpg"
optional = false
python-versions = ">=3.5.0"
version = "0.19.0"

[package.extras]
dev = ["Cython (0.29)", "pytest (>=3.6.0)", "Sphinx (>=1.7.3,<1.8.0)", "sphinxcontrib-asyncio (>=0.2.0,<0.3.0)", "sphinx-rtd-theme (>=0.2.4,<0.3.0)", "flake8 (>=3.5.0,<3.6.0)", "uvloop (>=0.12.0,<0.13.0)"]
docs = ["Sphinx (>=1.7.3,<1.8.0)", "sphinxcontrib-asyncio (>=0.2.0,<0.3.0)", "sphinx-rtd-theme (>=0.2.4,<0.3.0)"]
test = ["flake8 (>=3.5.0,<3.6.0)", "uvloop (>=0.12.0,<0.13.0)"]

[metadata]
content-hash = "8e3ade8308984d900e1c184cb16d17a4094c8e6df2eb3a31c1f43b124efd9840"
python-versions = "^3.6"

[metadata.files]
asyncpg = [
    {file = "asyncpg-0.19.0-cp35-cp35m-macosx_10_13_x86_64.whl", hash = "sha256:81431aac651d0386f483697d831cd9cb6efa816fd08dcedf0387602f52c1d4d0"},
    {file = "asyncpg-0.19.0-cp35-cp35m-manylinux1_i686.whl", hash = "sha256:f3e9863510b4e54ade1d20af5ef18901dea44e4fd7259db516b73810c0a1ad2e"},
    {file = "asyncpg-0.19.0-cp35-cp35m-manylinux1_x86_64.whl", hash = "sha256:426eb401b760abb0ce670d1d09201f1ae5a58355d272c413d1f7d7b6e354b00d"},
    {file = "asyncpg-0.19.0-cp35-cp35m-win32.whl", hash = "sha256:aab3a90dba30fe9017b5326727b505e18fe024c2e205655d52e85f9b24f5b2ab"},
    {file = "asyncpg-0.19.0-cp35-cp35m-win_amd64.whl", hash = "sha256:8992efcda3022e82966857989c999d5da0e9fc76394f36099700ce544ef39621"},
    {file = "asyncpg-0.19.0-cp36-cp36m-macosx_10_13_x86_64.whl", hash = "sha256:8c5a9d6573940fe81de36af78459988b5672e427e95667323fe7dfd97f00cd09"},
    {file = "asyncpg-0.19.0-cp36-cp36m-manylinux1_i686.whl", hash = "sha256:e41c8ef26019c27f76cb280dfebad23f84af99ac846b19bcaea06f1b2a2f5fce"},
    {file = "asyncpg-0.19.0-cp36-cp36m-manylinux1_x86_64.whl", hash = "sha256:ccad6b5a59b1c27623c48a840d1f6024994551f27ca0d6c253f64004eaf8a3e6"},
    {file = "asyncpg-0.19.0-cp36-cp36m-win32.whl", hash = "sha256:45254bc128b175cec75c1cbc64de77bdf5593cbff4cdc58c4ca810878ddfe00b"},
    {file = "asyncpg-0.19.0-cp36-cp36m-win_amd64.whl", hash = "sha256:35ce817f4a1cef966434e564b69e760d98f0fc2bac73c8786058bd6136ed304e"},
    {file = "asyncpg-0.19.0-cp37-cp37m-macosx_10_13_x86_64.whl", hash = "sha256:d3ac4751ae5f77fc646cfeb3f9180f2561eb0876a6b7619cb4e4e290e3432811"},
    {file = "asyncpg-0.19.0-cp37-cp37m-manylinux1_i686.whl", hash = "sha256:cebf06ac15626f3ccb6a537fe593460cdd581bf1aa33dbf3068a21dbef7e393a"},
    {file = "asyncpg-0.19.0-cp37-cp37m-manylinux1_x86_64.whl", hash = "sha256:6a9d9824c29a72dc109b9f9e7916c36bbb6ed15e1f3154aa976ac776caf9ad88"},
    {file = "asyncpg-0.19.0-cp37-cp37m-win32.whl", hash = "sha256:16c2accafda9410fd7e8ee561c2bcd1d3141118be81dc9eccc4e671877fecb72"},
    {file = "asyncpg-0.19.0-cp37-cp37m-win_amd64.whl", hash = "sha256:0527cca24a1bb90b7872867518f25f51a431116075bebbe86149fef593630736"},
    {file = "asyncpg-0.19.0.tar.gz", hash = "sha256:b253bbbe42eba8e00ad63939ff9d43a5f74e26a4e8f883de867920feb4a9e36a"},
]
